
Microsoft Visual Studio Solution File, Format Version 12.00
# Visual Studio 2013
VisualStudioVersion = 12.0.31101.0
MinimumVisualStudioVersion = 10.0.40219.1
Project("{FAE04EC0-301F-11D3-BF4B-00C04F79EFBC}") = "TiendaDeRopa", "WindowsFormsApplication2\TiendaDeRopa.csproj", "{6438611F-3B6E-417A-B3D1-7DE07BC73656}"
EndProject
Project("{FAE04EC0-301F-11D3-BF4B-00C04F79EFBC}") = "Manejadores", "Manejadores\Manejadores.csproj", "{AF11938C-9BCD-424C-BADC-D51D8D4248A7}"
EndProject
Project("{FAE04EC0-301F-11D3-BF4B-00C04F79EFBC}") = "Interfaces", "Interfaces\Interfaces.csproj", "{02E618BD-40ED-4A4E-85EC-EB3D01C5CFBB}"
EndProject
Project("{FAE04EC0-301F-11D3-BF4B-00C04F79EFBC}") = "Entidades", "Entidades\Entidades.csproj", "{5F89C9C8-0931-424E-AAFF-AC761B52D0FB}"
EndProject
Project("{FAE04EC0-301F-11D3-BF4B-00C04F79EFBC}") = "Logica", "Logica\Logica.csproj", "{962F79F2-789D-4936-9BC3-209F26785621}"
EndProject
Project("{FAE04EC0-301F-11D3-BF4B-00C04F79EFBC}") = "Controles", "Controles\Controles.csproj", "{480E5473-EDC5-4026-89C6-594494409EB1}"
EndProject
Global
	GlobalSection(SolutionConfigurationPlatforms) = preSolution
		Debug|Any CPU = Debug|Any CPU
		Debug|ARM = Debug|ARM
		Debug|x64 = Debug|x64
		Debug|x86 = Debug|x86
		Release|Any CPU = Release|Any CPU
		Release|ARM = Release|ARM
		Release|x64 = Release|x64
		Release|x86 = Release|x86
	EndGlobalSection
	GlobalSection(ProjectConfigurationPlatforms) = postSolution
		{6438611F-3B6E-417A-B3D1-7DE07BC73656}.Debug|Any CPU.ActiveCfg = Debug|Any CPU
		{6438611F-3B6E-417A-B3D1-7DE07BC73656}.Debug|Any CPU.Build.0 = Debug|Any CPU
		{6438611F-3B6E-417A-B3D1-7DE07BC73656}.Debug|ARM.ActiveCfg = Debug|Any CPU
		{6438611F-3B6E-417A-B3D1-7DE07BC73656}.Debug|x64.ActiveCfg = Debug|Any CPU
		{6438611F-3B6E-417A-B3D1-7DE07BC73656}.Debug|x86.ActiveCfg = Debug|Any CPU
		{6438611F-3B6E-417A-B3D1-7DE07BC73656}.Release|Any CPU.ActiveCfg = Release|Any CPU
		{6438611F-3B6E-417A-B3D1-7DE07BC73656}.Release|Any CPU.Build.0 = Release|Any CPU
		{6438611F-3B6E-417A-B3D1-7DE07BC73656}.Release|ARM.ActiveCfg = Release|Any CPU
		{6438611F-3B6E-417A-B3D1-7DE07BC73656}.Release|x64.ActiveCfg = Release|Any CPU
		{6438611F-3B6E-417A-B3D1-7DE07BC73656}.Release|x86.ActiveCfg = Release|Any CPU
		{AF11938C-9BCD-424C-BADC-D51D8D4248A7}.Debug|Any CPU.ActiveCfg = Debug|Any CPU
		{AF11938C-9BCD-424C-BADC-D51D8D4248A7}.Debug|Any CPU.Build.0 = Debug|Any CPU
		{AF11938C-9BCD-424C-BADC-D51D8D4248A7}.Debug|ARM.ActiveCfg = Debug|Any CPU
		{AF11938C-9BCD-424C-BADC-D51D8D4248A7}.Debug|x64.ActiveCfg = Debug|Any CPU
		{AF11938C-9BCD-424C-BADC-D51D8D4248A7}.Debug|x86.ActiveCfg = Debug|Any CPU
		{AF11938C-9BCD-424C-BADC-D51D8D4248A7}.Release|Any CPU.ActiveCfg = Release|Any CPU
		{AF11938C-9BCD-424C-BADC-D51D8D4248A7}.Release|Any CPU.Build.0 = Release|Any CPU
		{AF11938C-9BCD-424C-BADC-D51D8D4248A7}.Release|ARM.ActiveCfg = Release|Any CPU
		{AF11938C-9BCD-424C-BADC-D51D8D4248A7}.Release|x64.ActiveCfg = Release|Any CPU
		{AF11938C-9BCD-424C-BADC-D51D8D4248A7}.Release|x86.ActiveCfg = Release|Any CPU
		{02E618BD-40ED-4A4E-85EC-EB3D01C5CFBB}.Debug|Any CPU.ActiveCfg = Debug|Any CPU
		{02E618BD-40ED-4A4E-85EC-EB3D01C5CFBB}.Debug|Any CPU.Build.0 = Debug|Any CPU
		{02E618BD-40ED-4A4E-85EC-EB3D01C5CFBB}.Debug|ARM.ActiveCfg = Debug|Any CPU
		{02E618BD-40ED-4A4E-85EC-EB3D01C5CFBB}.Debug|x64.ActiveCfg = Debug|Any CPU
		{02E618BD-40ED-4A4E-85EC-EB3D01C5CFBB}.Debug|x86.ActiveCfg = Debug|Any CPU
		{02E618BD-40ED-4A4E-85EC-EB3D01C5CFBB}.Release|Any CPU.ActiveCfg = Release|Any CPU
		{02E618BD-40ED-4A4E-85EC-EB3D01C5CFBB}.Release|Any CPU.Build.0 = Release|Any CPU
		{02E618BD-40ED-4A4E-85EC-EB3D01C5CFBB}.Release|ARM.ActiveCfg = Release|Any CPU
		{02E618BD-40ED-4A4E-85EC-EB3D01C5CFBB}.Release|x64.ActiveCfg = Release|Any CPU
		{02E618BD-40ED-4A4E-85EC-EB3D01C5CFBB}.Release|x86.ActiveCfg = Release|Any CPU
		{5F89C9C8-0931-424E-AAFF-AC761B52D0FB}.Debug|Any CPU.ActiveCfg = Debug|Any CPU
		{5F89C9C8-0931-424E-AAFF-AC761B52D0FB}.Debug|Any CPU.Build.0 = Debug|Any CPU
		{5F89C9C8-0931-424E-AAFF-AC761B52D0FB}.Debug|ARM.ActiveCfg = Debug|Any CPU
		{5F89C9C8-0931-424E-AAFF-AC761B52D0FB}.Debug|x64.ActiveCfg = Debug|Any CPU
		{5F89C9C8-0931-424E-AAFF-AC761B52D0FB}.Debug|x86.ActiveCfg = Debug|Any CPU
		{5F89C9C8-0931-424E-AAFF-AC761B52D0FB}.Release|Any CPU.ActiveCfg = Release|Any CPU
		{5F89C9C8-0931-424E-AAFF-AC761B52D0FB}.Release|Any CPU.Build.0 = Release|Any CPU
		{5F89C9C8-0931-424E-AAFF-AC761B52D0FB}.Release|ARM.ActiveCfg = Release|Any CPU
		{5F89C9C8-0931-424E-AAFF-AC761B52D0FB}.Release|x64.ActiveCfg = Release|Any CPU
		{5F89C9C8-0931-424E-AAFF-AC761B52D0FB}.Release|x86.ActiveCfg = Release|Any CPU
		{962F79F2-789D-4936-9BC3-209F26785621}.Debug|Any CPU.ActiveCfg = Debug|Any CPU
		{962F79F2-789D-4936-9BC3-209F26785621}.Debug|Any CPU.Build.0 = Debug|Any CPU
		{962F79F2-789D-4936-9BC3-209F26785621}.Debug|ARM.ActiveCfg = Debug|Any CPU
		{962F79F2-789D-4936-9BC3-209F26785621}.Debug|x64.ActiveCfg = Debug|Any CPU
		{962F79F2-789D-4936-9BC3-209F26785621}.Debug|x86.ActiveCfg = Debug|Any CPU
		{962F79F2-789D-4936-9BC3-209F26785621}.Release|Any CPU.ActiveCfg = Release|Any CPU
		{962F79F2-789D-4936-9BC3-209F26785621}.Release|Any CPU.Build.0 = Release|Any CPU
		{962F79F2-789D-4936-9BC3-209F26785621}.Release|ARM.ActiveCfg = Release|Any CPU
		{962F79F2-789D-4936-9BC3-209F26785621}.Release|x64.ActiveCfg = Release|Any CPU
		{962F79F2-789D-4936-9BC3-209F26785621}.Release|x86.ActiveCfg = Release|Any CPU
		{480E5473-EDC5-4026-89C6-594494409EB1}.Debug|Any CPU.ActiveCfg = Debug|Any CPU
		{480E5473-EDC5-4026-89C6-594494409EB1}.Debug|Any CPU.Build.0 = Debug|Any CPU
		{480E5473-EDC5-4026-89C6-594494409EB1}.Debug|ARM.ActiveCfg = Debug|Any CPU
		{480E5473-EDC5-4026-89C6-594494409EB1}.Debug|x64.ActiveCfg = Debug|Any CPU
		{480E5473-EDC5-4026-89C6-594494409EB1}.Debug|x86.ActiveCfg = Debug|Any CPU
		{480E5473-EDC5-4026-89C6-594494409EB1}.Release|Any CPU.ActiveCfg = Release|Any CPU
		{480E5473-EDC5-4026-89C6-594494409EB1}.Release|Any CPU.Build.0 = Release|Any CPU
		{480E5473-EDC5-4026-89C6-594494409EB1}.Release|ARM.ActiveCfg = Release|Any CPU
		{480E5473-EDC5-4026-89C6-594494409EB1}.Release|x64.ActiveCfg = Release|Any CPU
		{480E5473-EDC5-4026-89C6-594494409EB1}.Release|x86.ActiveCfg = Release|Any CPU
	EndGlobalSection
	GlobalSection(SolutionProperties) = preSolution
		HideSolutionNode = FALSE
	EndGlobalSection
EndGlobal
